// !$*UTF8*$!
{
	archiveVersion = 1;
	classes = {
	};
	objectVersion = 55;
	objects = {

/* Begin PBXBuildFile section */
		CD7298C0274434590079A34D /* AppDelegate.swift in Sources */ = {isa = PBXBuildFile; fileRef = CD7298BF274434590079A34D /* AppDelegate.swift */; };
		CD7298C2274434590079A34D /* SceneDelegate.swift in Sources */ = {isa = PBXBuildFile; fileRef = CD7298C1274434590079A34D /* SceneDelegate.swift */; };
		CD7298C7274434590079A34D /* Main.storyboard in Resources */ = {isa = PBXBuildFile; fileRef = CD7298C5274434590079A34D /* Main.storyboard */; };
		CD7298C92744345B0079A34D /* Assets.xcassets in Resources */ = {isa = PBXBuildFile; fileRef = CD7298C82744345B0079A34D /* Assets.xcassets */; };
		CD7298CC2744345B0079A34D /* LaunchScreen.storyboard in Resources */ = {isa = PBXBuildFile; fileRef = CD7298CA2744345B0079A34D /* LaunchScreen.storyboard */; };
		CD7298E12744345B0079A34D /* DogsUITests.swift in Sources */ = {isa = PBXBuildFile; fileRef = CD7298E02744345B0079A34D /* DogsUITests.swift */; };
		CD7298E32744345B0079A34D /* DogsUITestsLaunchTests.swift in Sources */ = {isa = PBXBuildFile; fileRef = CD7298E22744345B0079A34D /* DogsUITestsLaunchTests.swift */; };
		CD7298FC2744452B0079A34D /* AlamofireHTTPService.swift in Sources */ = {isa = PBXBuildFile; fileRef = CD7298F82744452B0079A34D /* AlamofireHTTPService.swift */; };
		CD7298FD2744452B0079A34D /* HTTPMethod.swift in Sources */ = {isa = PBXBuildFile; fileRef = CD7298F92744452B0079A34D /* HTTPMethod.swift */; };
		CD7298FE2744452B0079A34D /* HTTPServiceProtocol.swift in Sources */ = {isa = PBXBuildFile; fileRef = CD7298FA2744452B0079A34D /* HTTPServiceProtocol.swift */; };
		CD7298FF2744452B0079A34D /* HTTPHeader.swift in Sources */ = {isa = PBXBuildFile; fileRef = CD7298FB2744452B0079A34D /* HTTPHeader.swift */; };
		CD729909274445440079A34D /* HTTPClient.swift in Sources */ = {isa = PBXBuildFile; fileRef = CD729906274445440079A34D /* HTTPClient.swift */; };
		CD72990A274445440079A34D /* HTTPClientProtocol.swift in Sources */ = {isa = PBXBuildFile; fileRef = CD729907274445440079A34D /* HTTPClientProtocol.swift */; };
		CD72990B274445440079A34D /* HTTPClientUtil.swift in Sources */ = {isa = PBXBuildFile; fileRef = CD729908274445440079A34D /* HTTPClientUtil.swift */; };
		CD72990E2744462D0079A34D /* Alamofire in Frameworks */ = {isa = PBXBuildFile; productRef = CD72990D2744462D0079A34D /* Alamofire */; };
		CD729910274446820079A34D /* HTTPClientTests.swift in Sources */ = {isa = PBXBuildFile; fileRef = CD72990F274446820079A34D /* HTTPClientTests.swift */; };
		CD729914274447200079A34D /* BasicLogger.swift in Sources */ = {isa = PBXBuildFile; fileRef = CD729912274447200079A34D /* BasicLogger.swift */; };
		CD729915274447200079A34D /* LoggerProtocol.swift in Sources */ = {isa = PBXBuildFile; fileRef = CD729913274447200079A34D /* LoggerProtocol.swift */; };
		CD72991A274447E30079A34D /* StatusCode.swift in Sources */ = {isa = PBXBuildFile; fileRef = CD729916274447E30079A34D /* StatusCode.swift */; };
		CD72991B274447E30079A34D /* FailedResponse.swift in Sources */ = {isa = PBXBuildFile; fileRef = CD729917274447E30079A34D /* FailedResponse.swift */; };
		CD72991C274447E30079A34D /* ResponseProtocol.swift in Sources */ = {isa = PBXBuildFile; fileRef = CD729918274447E30079A34D /* ResponseProtocol.swift */; };
		CD72991D274447E30079A34D /* SuccessfulResponse.swift in Sources */ = {isa = PBXBuildFile; fileRef = CD729919274447E30079A34D /* SuccessfulResponse.swift */; };
		CD729926274448A40079A34D /* Data+Extensions.swift in Sources */ = {isa = PBXBuildFile; fileRef = CD72991F274448A40079A34D /* Data+Extensions.swift */; };
		CD729927274448A40079A34D /* LocalizabeViews+Extensions.swift in Sources */ = {isa = PBXBuildFile; fileRef = CD729920274448A40079A34D /* LocalizabeViews+Extensions.swift */; };
		CD729928274448A40079A34D /* Array+Extensions.swift in Sources */ = {isa = PBXBuildFile; fileRef = CD729921274448A40079A34D /* Array+Extensions.swift */; };
		CD729929274448A40079A34D /* UIImage+Extensions.swift in Sources */ = {isa = PBXBuildFile; fileRef = CD729922274448A40079A34D /* UIImage+Extensions.swift */; };
		CD72992A274448A50079A34D /* String+Extensions.swift in Sources */ = {isa = PBXBuildFile; fileRef = CD729923274448A40079A34D /* String+Extensions.swift */; };
		CD72992C274448A50079A34D /* UIView+Extensions.swift in Sources */ = {isa = PBXBuildFile; fileRef = CD729925274448A40079A34D /* UIView+Extensions.swift */; };
		CD72992E27444B3A0079A34D /* RemoteDataManagerSettings.swift in Sources */ = {isa = PBXBuildFile; fileRef = CD72992D27444B3A0079A34D /* RemoteDataManagerSettings.swift */; };
		CD72993027444BE60079A34D /* StoredDog.swift in Sources */ = {isa = PBXBuildFile; fileRef = CD72992F27444BE60079A34D /* StoredDog.swift */; };
		CD72993327444C4A0079A34D /* RealmSwift in Frameworks */ = {isa = PBXBuildFile; productRef = CD72993227444C4A0079A34D /* RealmSwift */; };
		CD72993527444D1B0079A34D /* Dog.swift in Sources */ = {isa = PBXBuildFile; fileRef = CD72993427444D1B0079A34D /* Dog.swift */; };
		CD72993827444D790079A34D /* RemoteDogsService.swift in Sources */ = {isa = PBXBuildFile; fileRef = CD72993727444D790079A34D /* RemoteDogsService.swift */; };
		CD72993A27444E350079A34D /* RemoteDogsServiceTests.swift in Sources */ = {isa = PBXBuildFile; fileRef = CD72993927444E350079A34D /* RemoteDogsServiceTests.swift */; };
		CD72993C274450AD0079A34D /* LocalDogsService.swift in Sources */ = {isa = PBXBuildFile; fileRef = CD72993B274450AD0079A34D /* LocalDogsService.swift */; };
		CD72993E274453830079A34D /* LocalDogsServiceTests.swift in Sources */ = {isa = PBXBuildFile; fileRef = CD72993D274453830079A34D /* LocalDogsServiceTests.swift */; };
		CD729940274456470079A34D /* ImageCacheService.swift in Sources */ = {isa = PBXBuildFile; fileRef = CD72993F274456470079A34D /* ImageCacheService.swift */; };
		CD72994927445A7D0079A34D /* HomePresenter.swift in Sources */ = {isa = PBXBuildFile; fileRef = CD72994227445A7D0079A34D /* HomePresenter.swift */; };
		CD72994A27445A7D0079A34D /* HomeLocalDataManager.swift in Sources */ = {isa = PBXBuildFile; fileRef = CD72994327445A7D0079A34D /* HomeLocalDataManager.swift */; };
		CD72994B27445A7D0079A34D /* HomeRouter.swift in Sources */ = {isa = PBXBuildFile; fileRef = CD72994427445A7D0079A34D /* HomeRouter.swift */; };
		CD72994C27445A7D0079A34D /* HomeProtocols.swift in Sources */ = {isa = PBXBuildFile; fileRef = CD72994527445A7D0079A34D /* HomeProtocols.swift */; };
		CD72994D27445A7D0079A34D /* HomeInteractor.swift in Sources */ = {isa = PBXBuildFile; fileRef = CD72994627445A7D0079A34D /* HomeInteractor.swift */; };
		CD72994E27445A7D0079A34D /* HomeView.swift in Sources */ = {isa = PBXBuildFile; fileRef = CD72994727445A7D0079A34D /* HomeView.swift */; };
		CD72994F27445A7D0079A34D /* HomeRemoteDataManager.swift in Sources */ = {isa = PBXBuildFile; fileRef = CD72994827445A7D0079A34D /* HomeRemoteDataManager.swift */; };
		CD7299512744603C0079A34D /* HomeModuleTests.swift in Sources */ = {isa = PBXBuildFile; fileRef = CD7299502744603C0079A34D /* HomeModuleTests.swift */; };
/* End PBXBuildFile section */

/* Begin PBXContainerItemProxy section */
		CD7298D32744345B0079A34D /* PBXContainerItemProxy */ = {
			isa = PBXContainerItemProxy;
			containerPortal = CD7298B4274434590079A34D /* Project object */;
			proxyType = 1;
			remoteGlobalIDString = CD7298BB274434590079A34D;
			remoteInfo = Dogs;
		};
		CD7298DD2744345B0079A34D /* PBXContainerItemProxy */ = {
			isa = PBXContainerItemProxy;
			containerPortal = CD7298B4274434590079A34D /* Project object */;
			proxyType = 1;
			remoteGlobalIDString = CD7298BB274434590079A34D;
			remoteInfo = Dogs;
		};
/* End PBXContainerItemProxy section */

/* Begin PBXFileReference section */
		CD7298BC274434590079A34D /* Dogs.app */ = {isa = PBXFileReference; explicitFileType = wrapper.application; includeInIndex = 0; path = Dogs.app; sourceTree = BUILT_PRODUCTS_DIR; };
		CD7298BF274434590079A34D /* AppDelegate.swift */ = {isa = PBXFileReference; lastKnownFileType = sourcecode.swift; path = AppDelegate.swift; sourceTree = "<group>"; };
		CD7298C1274434590079A34D /* SceneDelegate.swift */ = {isa = PBXFileReference; lastKnownFileType = sourcecode.swift; path = SceneDelegate.swift; sourceTree = "<group>"; };
		CD7298C6274434590079A34D /* Base */ = {isa = PBXFileReference; lastKnownFileType = file.storyboard; name = Base; path = Base.lproj/Main.storyboard; sourceTree = "<group>"; };
		CD7298C82744345B0079A34D /* Assets.xcassets */ = {isa = PBXFileReference; lastKnownFileType = folder.assetcatalog; path = Assets.xcassets; sourceTree = "<group>"; };
		CD7298CB2744345B0079A34D /* Base */ = {isa = PBXFileReference; lastKnownFileType = file.storyboard; name = Base; path = Base.lproj/LaunchScreen.storyboard; sourceTree = "<group>"; };
		CD7298CD2744345B0079A34D /* Info.plist */ = {isa = PBXFileReference; lastKnownFileType = text.plist.xml; path = Info.plist; sourceTree = "<group>"; };
		CD7298D22744345B0079A34D /* DogsTests.xctest */ = {isa = PBXFileReference; explicitFileType = wrapper.cfbundle; includeInIndex = 0; path = DogsTests.xctest; sourceTree = BUILT_PRODUCTS_DIR; };
		CD7298DC2744345B0079A34D /* DogsUITests.xctest */ = {isa = PBXFileReference; explicitFileType = wrapper.cfbundle; includeInIndex = 0; path = DogsUITests.xctest; sourceTree = BUILT_PRODUCTS_DIR; };
		CD7298E02744345B0079A34D /* DogsUITests.swift */ = {isa = PBXFileReference; lastKnownFileType = sourcecode.swift; path = DogsUITests.swift; sourceTree = "<group>"; };
		CD7298E22744345B0079A34D /* DogsUITestsLaunchTests.swift */ = {isa = PBXFileReference; lastKnownFileType = sourcecode.swift; path = DogsUITestsLaunchTests.swift; sourceTree = "<group>"; };
		CD7298F82744452B0079A34D /* AlamofireHTTPService.swift */ = {isa = PBXFileReference; fileEncoding = 4; lastKnownFileType = sourcecode.swift; path = AlamofireHTTPService.swift; sourceTree = "<group>"; };
		CD7298F92744452B0079A34D /* HTTPMethod.swift */ = {isa = PBXFileReference; fileEncoding = 4; lastKnownFileType = sourcecode.swift; path = HTTPMethod.swift; sourceTree = "<group>"; };
		CD7298FA2744452B0079A34D /* HTTPServiceProtocol.swift */ = {isa = PBXFileReference; fileEncoding = 4; lastKnownFileType = sourcecode.swift; path = HTTPServiceProtocol.swift; sourceTree = "<group>"; };
		CD7298FB2744452B0079A34D /* HTTPHeader.swift */ = {isa = PBXFileReference; fileEncoding = 4; lastKnownFileType = sourcecode.swift; path = HTTPHeader.swift; sourceTree = "<group>"; };
		CD729906274445440079A34D /* HTTPClient.swift */ = {isa = PBXFileReference; fileEncoding = 4; lastKnownFileType = sourcecode.swift; path = HTTPClient.swift; sourceTree = "<group>"; };
		CD729907274445440079A34D /* HTTPClientProtocol.swift */ = {isa = PBXFileReference; fileEncoding = 4; lastKnownFileType = sourcecode.swift; path = HTTPClientProtocol.swift; sourceTree = "<group>"; };
		CD729908274445440079A34D /* HTTPClientUtil.swift */ = {isa = PBXFileReference; fileEncoding = 4; lastKnownFileType = sourcecode.swift; path = HTTPClientUtil.swift; sourceTree = "<group>"; };
		CD72990F274446820079A34D /* HTTPClientTests.swift */ = {isa = PBXFileReference; fileEncoding = 4; lastKnownFileType = sourcecode.swift; path = HTTPClientTests.swift; sourceTree = "<group>"; };
		CD729912274447200079A34D /* BasicLogger.swift */ = {isa = PBXFileReference; fileEncoding = 4; lastKnownFileType = sourcecode.swift; path = BasicLogger.swift; sourceTree = "<group>"; };
		CD729913274447200079A34D /* LoggerProtocol.swift */ = {isa = PBXFileReference; fileEncoding = 4; lastKnownFileType = sourcecode.swift; path = LoggerProtocol.swift; sourceTree = "<group>"; };
		CD729916274447E30079A34D /* StatusCode.swift */ = {isa = PBXFileReference; fileEncoding = 4; lastKnownFileType = sourcecode.swift; path = StatusCode.swift; sourceTree = "<group>"; };
		CD729917274447E30079A34D /* FailedResponse.swift */ = {isa = PBXFileReference; fileEncoding = 4; lastKnownFileType = sourcecode.swift; path = FailedResponse.swift; sourceTree = "<group>"; };
		CD729918274447E30079A34D /* ResponseProtocol.swift */ = {isa = PBXFileReference; fileEncoding = 4; lastKnownFileType = sourcecode.swift; path = ResponseProtocol.swift; sourceTree = "<group>"; };
		CD729919274447E30079A34D /* SuccessfulResponse.swift */ = {isa = PBXFileReference; fileEncoding = 4; lastKnownFileType = sourcecode.swift; path = SuccessfulResponse.swift; sourceTree = "<group>"; };
		CD72991F274448A40079A34D /* Data+Extensions.swift */ = {isa = PBXFileReference; fileEncoding = 4; lastKnownFileType = sourcecode.swift; path = "Data+Extensions.swift"; sourceTree = "<group>"; };
		CD729920274448A40079A34D /* LocalizabeViews+Extensions.swift */ = {isa = PBXFileReference; fileEncoding = 4; lastKnownFileType = sourcecode.swift; path = "LocalizabeViews+Extensions.swift"; sourceTree = "<group>"; };
		CD729921274448A40079A34D /* Array+Extensions.swift */ = {isa = PBXFileReference; fileEncoding = 4; lastKnownFileType = sourcecode.swift; path = "Array+Extensions.swift"; sourceTree = "<group>"; };
		CD729922274448A40079A34D /* UIImage+Extensions.swift */ = {isa = PBXFileReference; fileEncoding = 4; lastKnownFileType = sourcecode.swift; path = "UIImage+Extensions.swift"; sourceTree = "<group>"; };
		CD729923274448A40079A34D /* String+Extensions.swift */ = {isa = PBXFileReference; fileEncoding = 4; lastKnownFileType = sourcecode.swift; path = "String+Extensions.swift"; sourceTree = "<group>"; };
		CD729925274448A40079A34D /* UIView+Extensions.swift */ = {isa = PBXFileReference; fileEncoding = 4; lastKnownFileType = sourcecode.swift; path = "UIView+Extensions.swift"; sourceTree = "<group>"; };
		CD72992D27444B3A0079A34D /* RemoteDataManagerSettings.swift */ = {isa = PBXFileReference; lastKnownFileType = sourcecode.swift; path = RemoteDataManagerSettings.swift; sourceTree = "<group>"; };
		CD72992F27444BE60079A34D /* StoredDog.swift */ = {isa = PBXFileReference; lastKnownFileType = sourcecode.swift; path = StoredDog.swift; sourceTree = "<group>"; };
		CD72993427444D1B0079A34D /* Dog.swift */ = {isa = PBXFileReference; lastKnownFileType = sourcecode.swift; path = Dog.swift; sourceTree = "<group>"; };
		CD72993727444D790079A34D /* RemoteDogsService.swift */ = {isa = PBXFileReference; lastKnownFileType = sourcecode.swift; path = RemoteDogsService.swift; sourceTree = "<group>"; };
		CD72993927444E350079A34D /* RemoteDogsServiceTests.swift */ = {isa = PBXFileReference; lastKnownFileType = sourcecode.swift; path = RemoteDogsServiceTests.swift; sourceTree = "<group>"; };
		CD72993B274450AD0079A34D /* LocalDogsService.swift */ = {isa = PBXFileReference; lastKnownFileType = sourcecode.swift; path = LocalDogsService.swift; sourceTree = "<group>"; };
		CD72993D274453830079A34D /* LocalDogsServiceTests.swift */ = {isa = PBXFileReference; lastKnownFileType = sourcecode.swift; path = LocalDogsServiceTests.swift; sourceTree = "<group>"; };
		CD72993F274456470079A34D /* ImageCacheService.swift */ = {isa = PBXFileReference; lastKnownFileType = sourcecode.swift; path = ImageCacheService.swift; sourceTree = "<group>"; };
		CD72994227445A7D0079A34D /* HomePresenter.swift */ = {isa = PBXFileReference; lastKnownFileType = sourcecode.swift; path = HomePresenter.swift; sourceTree = "<group>"; };
		CD72994327445A7D0079A34D /* HomeLocalDataManager.swift */ = {isa = PBXFileReference; lastKnownFileType = sourcecode.swift; path = HomeLocalDataManager.swift; sourceTree = "<group>"; };
		CD72994427445A7D0079A34D /* HomeRouter.swift */ = {isa = PBXFileReference; lastKnownFileType = sourcecode.swift; path = HomeRouter.swift; sourceTree = "<group>"; };
		CD72994527445A7D0079A34D /* HomeProtocols.swift */ = {isa = PBXFileReference; lastKnownFileType = sourcecode.swift; path = HomeProtocols.swift; sourceTree = "<group>"; };
		CD72994627445A7D0079A34D /* HomeInteractor.swift */ = {isa = PBXFileReference; lastKnownFileType = sourcecode.swift; path = HomeInteractor.swift; sourceTree = "<group>"; };
		CD72994727445A7D0079A34D /* HomeView.swift */ = {isa = PBXFileReference; lastKnownFileType = sourcecode.swift; path = HomeView.swift; sourceTree = "<group>"; };
		CD72994827445A7D0079A34D /* HomeRemoteDataManager.swift */ = {isa = PBXFileReference; lastKnownFileType = sourcecode.swift; path = HomeRemoteDataManager.swift; sourceTree = "<group>"; };
		CD7299502744603C0079A34D /* HomeModuleTests.swift */ = {isa = PBXFileReference; lastKnownFileType = sourcecode.swift; path = HomeModuleTests.swift; sourceTree = "<group>"; };
/* End PBXFileReference section */

/* Begin PBXFrameworksBuildPhase section */
		CD7298B9274434590079A34D /* Frameworks */ = {
			isa = PBXFrameworksBuildPhase;
			buildActionMask = 2147483647;
			files = (
				CD72993327444C4A0079A34D /* RealmSwift in Frameworks */,
				CD72990E2744462D0079A34D /* Alamofire in Frameworks */,
			);
			runOnlyForDeploymentPostprocessing = 0;
		};
		CD7298CF2744345B0079A34D /* Frameworks */ = {
			isa = PBXFrameworksBuildPhase;
			buildActionMask = 2147483647;
			files = (
			);
			runOnlyForDeploymentPostprocessing = 0;
		};
		CD7298D92744345B0079A34D /* Frameworks */ = {
			isa = PBXFrameworksBuildPhase;
			buildActionMask = 2147483647;
			files = (
			);
			runOnlyForDeploymentPostprocessing = 0;
		};
/* End PBXFrameworksBuildPhase section */

/* Begin PBXGroup section */
		CD7298B3274434590079A34D = {
			isa = PBXGroup;
			children = (
				CD7298BE274434590079A34D /* Dogs */,
				CD7298D52744345B0079A34D /* DogsTests */,
				CD7298DF2744345B0079A34D /* DogsUITests */,
				CD7298BD274434590079A34D /* Products */,
			);
			sourceTree = "<group>";
		};
		CD7298BD274434590079A34D /* Products */ = {
			isa = PBXGroup;
			children = (
				CD7298BC274434590079A34D /* Dogs.app */,
				CD7298D22744345B0079A34D /* DogsTests.xctest */,
				CD7298DC2744345B0079A34D /* DogsUITests.xctest */,
			);
			name = Products;
			sourceTree = "<group>";
		};
		CD7298BE274434590079A34D /* Dogs */ = {
			isa = PBXGroup;
			children = (
				CD7298EF274435EB0079A34D /* Module */,
				CD7298F0274435F30079A34D /* Entity */,
				CD7298F32744361C0079A34D /* Settings */,
				CD7298F2274436120079A34D /* Common */,
				CD7298F1274435FE0079A34D /* Service */,
				CD7298BF274434590079A34D /* AppDelegate.swift */,
				CD7298C1274434590079A34D /* SceneDelegate.swift */,
				CD7298C5274434590079A34D /* Main.storyboard */,
				CD7298C82744345B0079A34D /* Assets.xcassets */,
				CD7298CA2744345B0079A34D /* LaunchScreen.storyboard */,
				CD7298CD2744345B0079A34D /* Info.plist */,
			);
			path = Dogs;
			sourceTree = "<group>";
		};
		CD7298D52744345B0079A34D /* DogsTests */ = {
			isa = PBXGroup;
			children = (
				CD72990F274446820079A34D /* HTTPClientTests.swift */,
				CD72993927444E350079A34D /* RemoteDogsServiceTests.swift */,
				CD72993D274453830079A34D /* LocalDogsServiceTests.swift */,
				CD7299502744603C0079A34D /* HomeModuleTests.swift */,
			);
			path = DogsTests;
			sourceTree = "<group>";
		};
		CD7298DF2744345B0079A34D /* DogsUITests */ = {
			isa = PBXGroup;
			children = (
				CD7298E02744345B0079A34D /* DogsUITests.swift */,
				CD7298E22744345B0079A34D /* DogsUITestsLaunchTests.swift */,
			);
			path = DogsUITests;
			sourceTree = "<group>";
		};
		CD7298EF274435EB0079A34D /* Module */ = {
			isa = PBXGroup;
			children = (
				CD72994127445A5A0079A34D /* Home */,
			);
			path = Module;
			sourceTree = "<group>";
		};
		CD7298F0274435F30079A34D /* Entity */ = {
			isa = PBXGroup;
			children = (
				CD72992F27444BE60079A34D /* StoredDog.swift */,
				CD72993427444D1B0079A34D /* Dog.swift */,
			);
			path = Entity;
			sourceTree = "<group>";
		};
		CD7298F1274435FE0079A34D /* Service */ = {
			isa = PBXGroup;
			children = (
				CD72993627444D5A0079A34D /* Dogs */,
				CD7298F42744446C0079A34D /* HTTP */,
			);
			path = Service;
			sourceTree = "<group>";
		};
		CD7298F2274436120079A34D /* Common */ = {
			isa = PBXGroup;
			children = (
				CD72991E274448560079A34D /* Extensions */,
				CD729911274446CB0079A34D /* Logger */,
			);
			path = Common;
			sourceTree = "<group>";
		};
		CD7298F32744361C0079A34D /* Settings */ = {
			isa = PBXGroup;
			children = (
				CD72992D27444B3A0079A34D /* RemoteDataManagerSettings.swift */,
			);
			path = Settings;
			sourceTree = "<group>";
		};
		CD7298F42744446C0079A34D /* HTTP */ = {
			isa = PBXGroup;
			children = (
				CD7298F5274444940079A34D /* HTTPClient */,
				CD7298F6274444A40079A34D /* HTTPService */,
				CD7298F7274444B30079A34D /* HTTPResponse */,
			);
			path = HTTP;
			sourceTree = "<group>";
		};
		CD7298F5274444940079A34D /* HTTPClient */ = {
			isa = PBXGroup;
			children = (
				CD729906274445440079A34D /* HTTPClient.swift */,
				CD729907274445440079A34D /* HTTPClientProtocol.swift */,
				CD729908274445440079A34D /* HTTPClientUtil.swift */,
			);
			path = HTTPClient;
			sourceTree = "<group>";
		};
		CD7298F6274444A40079A34D /* HTTPService */ = {
			isa = PBXGroup;
			children = (
				CD7298F82744452B0079A34D /* AlamofireHTTPService.swift */,
				CD7298FB2744452B0079A34D /* HTTPHeader.swift */,
				CD7298F92744452B0079A34D /* HTTPMethod.swift */,
				CD7298FA2744452B0079A34D /* HTTPServiceProtocol.swift */,
			);
			path = HTTPService;
			sourceTree = "<group>";
		};
		CD7298F7274444B30079A34D /* HTTPResponse */ = {
			isa = PBXGroup;
			children = (
				CD729917274447E30079A34D /* FailedResponse.swift */,
				CD729918274447E30079A34D /* ResponseProtocol.swift */,
				CD729916274447E30079A34D /* StatusCode.swift */,
				CD729919274447E30079A34D /* SuccessfulResponse.swift */,
			);
			path = HTTPResponse;
			sourceTree = "<group>";
		};
		CD729911274446CB0079A34D /* Logger */ = {
			isa = PBXGroup;
			children = (
				CD729912274447200079A34D /* BasicLogger.swift */,
				CD729913274447200079A34D /* LoggerProtocol.swift */,
			);
			path = Logger;
			sourceTree = "<group>";
		};
		CD72991E274448560079A34D /* Extensions */ = {
			isa = PBXGroup;
			children = (
				CD729921274448A40079A34D /* Array+Extensions.swift */,
				CD72991F274448A40079A34D /* Data+Extensions.swift */,
				CD729920274448A40079A34D /* LocalizabeViews+Extensions.swift */,
				CD729923274448A40079A34D /* String+Extensions.swift */,
				CD729922274448A40079A34D /* UIImage+Extensions.swift */,
				CD729925274448A40079A34D /* UIView+Extensions.swift */,
			);
			path = Extensions;
			sourceTree = "<group>";
		};
		CD72993627444D5A0079A34D /* Dogs */ = {
			isa = PBXGroup;
			children = (
				CD72993727444D790079A34D /* RemoteDogsService.swift */,
				CD72993B274450AD0079A34D /* LocalDogsService.swift */,
				CD72993F274456470079A34D /* ImageCacheService.swift */,
			);
			path = Dogs;
			sourceTree = "<group>";
		};
		CD72994127445A5A0079A34D /* Home */ = {
			isa = PBXGroup;
			children = (
				CD72994527445A7D0079A34D /* HomeProtocols.swift */,
				CD72994727445A7D0079A34D /* HomeView.swift */,
				CD72994227445A7D0079A34D /* HomePresenter.swift */,
				CD72994627445A7D0079A34D /* HomeInteractor.swift */,
				CD72994427445A7D0079A34D /* HomeRouter.swift */,
				CD72994327445A7D0079A34D /* HomeLocalDataManager.swift */,
				CD72994827445A7D0079A34D /* HomeRemoteDataManager.swift */,
			);
			path = Home;
			sourceTree = "<group>";
		};
/* End PBXGroup section */

/* Begin PBXNativeTarget section */
		CD7298BB274434590079A34D /* Dogs */ = {
			isa = PBXNativeTarget;
			buildConfigurationList = CD7298E62744345B0079A34D /* Build configuration list for PBXNativeTarget "Dogs" */;
			buildPhases = (
				CD7298B8274434590079A34D /* Sources */,
				CD7298B9274434590079A34D /* Frameworks */,
				CD7298BA274434590079A34D /* Resources */,
			);
			buildRules = (
			);
			dependencies = (
			);
			name = Dogs;
			packageProductDependencies = (
				CD72990D2744462D0079A34D /* Alamofire */,
				CD72993227444C4A0079A34D /* RealmSwift */,
			);
			productName = Dogs;
			productReference = CD7298BC274434590079A34D /* Dogs.app */;
			productType = "com.apple.product-type.application";
		};
		CD7298D12744345B0079A34D /* DogsTests */ = {
			isa = PBXNativeTarget;
			buildConfigurationList = CD7298E92744345B0079A34D /* Build configuration list for PBXNativeTarget "DogsTests" */;
			buildPhases = (
				CD7298CE2744345B0079A34D /* Sources */,
				CD7298CF2744345B0079A34D /* Frameworks */,
				CD7298D02744345B0079A34D /* Resources */,
			);
			buildRules = (
			);
			dependencies = (
				CD7298D42744345B0079A34D /* PBXTargetDependency */,
			);
			name = DogsTests;
			productName = DogsTests;
			productReference = CD7298D22744345B0079A34D /* DogsTests.xctest */;
			productType = "com.apple.product-type.bundle.unit-test";
		};
		CD7298DB2744345B0079A34D /* DogsUITests */ = {
			isa = PBXNativeTarget;
			buildConfigurationList = CD7298EC2744345B0079A34D /* Build configuration list for PBXNativeTarget "DogsUITests" */;
			buildPhases = (
				CD7298D82744345B0079A34D /* Sources */,
				CD7298D92744345B0079A34D /* Frameworks */,
				CD7298DA2744345B0079A34D /* Resources */,
			);
			buildRules = (
			);
			dependencies = (
				CD7298DE2744345B0079A34D /* PBXTargetDependency */,
			);
			name = DogsUITests;
			productName = DogsUITests;
			productReference = CD7298DC2744345B0079A34D /* DogsUITests.xctest */;
			productType = "com.apple.product-type.bundle.ui-testing";
		};
/* End PBXNativeTarget section */

/* Begin PBXProject section */
		CD7298B4274434590079A34D /* Project object */ = {
			isa = PBXProject;
			attributes = {
				BuildIndependentTargetsInParallel = 1;
				LastSwiftUpdateCheck = 1310;
				LastUpgradeCheck = 1310;
				TargetAttributes = {
					CD7298BB274434590079A34D = {
						CreatedOnToolsVersion = 13.1;
					};
					CD7298D12744345B0079A34D = {
						CreatedOnToolsVersion = 13.1;
						TestTargetID = CD7298BB274434590079A34D;
					};
					CD7298DB2744345B0079A34D = {
						CreatedOnToolsVersion = 13.1;
						TestTargetID = CD7298BB274434590079A34D;
					};
				};
			};
			buildConfigurationList = CD7298B7274434590079A34D /* Build configuration list for PBXProject "Dogs" */;
			compatibilityVersion = "Xcode 13.0";
			developmentRegion = en;
			hasScannedForEncodings = 0;
			knownRegions = (
				en,
				Base,
			);
			mainGroup = CD7298B3274434590079A34D;
			packageReferences = (
				CD72990C2744462D0079A34D /* XCRemoteSwiftPackageReference "Alamofire" */,
				CD72993127444C4A0079A34D /* XCRemoteSwiftPackageReference "realm-cocoa" */,
			);
			productRefGroup = CD7298BD274434590079A34D /* Products */;
			projectDirPath = "";
			projectRoot = "";
			targets = (
				CD7298BB274434590079A34D /* Dogs */,
				CD7298D12744345B0079A34D /* DogsTests */,
				CD7298DB2744345B0079A34D /* DogsUITests */,
			);
		};
/* End PBXProject section */

/* Begin PBXResourcesBuildPhase section */
		CD7298BA274434590079A34D /* Resources */ = {
			isa = PBXResourcesBuildPhase;
			buildActionMask = 2147483647;
			files = (
				CD7298CC2744345B0079A34D /* LaunchScreen.storyboard in Resources */,
				CD7298C92744345B0079A34D /* Assets.xcassets in Resources */,
				CD7298C7274434590079A34D /* Main.storyboard in Resources */,
			);
			runOnlyForDeploymentPostprocessing = 0;
		};
		CD7298D02744345B0079A34D /* Resources */ = {
			isa = PBXResourcesBuildPhase;
			buildActionMask = 2147483647;
			files = (
			);
			runOnlyForDeploymentPostprocessing = 0;
		};
		CD7298DA2744345B0079A34D /* Resources */ = {
			isa = PBXResourcesBuildPhase;
			buildActionMask = 2147483647;
			files = (
			);
			runOnlyForDeploymentPostprocessing = 0;
		};
/* End PBXResourcesBuildPhase section */

/* Begin PBXSourcesBuildPhase section */
		CD7298B8274434590079A34D /* Sources */ = {
			isa = PBXSourcesBuildPhase;
			buildActionMask = 2147483647;
			files = (
				CD72992E27444B3A0079A34D /* RemoteDataManagerSettings.swift in Sources */,
				CD72992A274448A50079A34D /* String+Extensions.swift in Sources */,
				CD7298FF2744452B0079A34D /* HTTPHeader.swift in Sources */,
				CD729928274448A40079A34D /* Array+Extensions.swift in Sources */,
				CD72993C274450AD0079A34D /* LocalDogsService.swift in Sources */,
				CD72991D274447E30079A34D /* SuccessfulResponse.swift in Sources */,
				CD7298FE2744452B0079A34D /* HTTPServiceProtocol.swift in Sources */,
				CD72994927445A7D0079A34D /* HomePresenter.swift in Sources */,
				CD72991A274447E30079A34D /* StatusCode.swift in Sources */,
				CD72990A274445440079A34D /* HTTPClientProtocol.swift in Sources */,
				CD72994C27445A7D0079A34D /* HomeProtocols.swift in Sources */,
				CD729926274448A40079A34D /* Data+Extensions.swift in Sources */,
				CD7298FD2744452B0079A34D /* HTTPMethod.swift in Sources */,
				CD72992C274448A50079A34D /* UIView+Extensions.swift in Sources */,
				CD729915274447200079A34D /* LoggerProtocol.swift in Sources */,
				CD72991C274447E30079A34D /* ResponseProtocol.swift in Sources */,
				CD72994F27445A7D0079A34D /* HomeRemoteDataManager.swift in Sources */,
				CD72993027444BE60079A34D /* StoredDog.swift in Sources */,
				CD72993527444D1B0079A34D /* Dog.swift in Sources */,
				CD72991B274447E30079A34D /* FailedResponse.swift in Sources */,
				CD72994D27445A7D0079A34D /* HomeInteractor.swift in Sources */,
				CD729940274456470079A34D /* ImageCacheService.swift in Sources */,
				CD72994B27445A7D0079A34D /* HomeRouter.swift in Sources */,
				CD729909274445440079A34D /* HTTPClient.swift in Sources */,
				CD72990B274445440079A34D /* HTTPClientUtil.swift in Sources */,
				CD729914274447200079A34D /* BasicLogger.swift in Sources */,
				CD7298FC2744452B0079A34D /* AlamofireHTTPService.swift in Sources */,
				CD729927274448A40079A34D /* LocalizabeViews+Extensions.swift in Sources */,
				CD72994E27445A7D0079A34D /* HomeView.swift in Sources */,
				CD72994A27445A7D0079A34D /* HomeLocalDataManager.swift in Sources */,
				CD72993827444D790079A34D /* RemoteDogsService.swift in Sources */,
				CD729929274448A40079A34D /* UIImage+Extensions.swift in Sources */,
				CD7298C0274434590079A34D /* AppDelegate.swift in Sources */,
				CD7298C2274434590079A34D /* SceneDelegate.swift in Sources */,
			);
			runOnlyForDeploymentPostprocessing = 0;
		};
		CD7298CE2744345B0079A34D /* Sources */ = {
			isa = PBXSourcesBuildPhase;
			buildActionMask = 2147483647;
			files = (
				CD72993E274453830079A34D /* LocalDogsServiceTests.swift in Sources */,
				CD72993A27444E350079A34D /* RemoteDogsServiceTests.swift in Sources */,
				CD7299512744603C0079A34D /* HomeModuleTests.swift in Sources */,
				CD729910274446820079A34D /* HTTPClientTests.swift in Sources */,
			);
			runOnlyForDeploymentPostprocessing = 0;
		};
		CD7298D82744345B0079A34D /* Sources */ = {
			isa = PBXSourcesBuildPhase;
			buildActionMask = 2147483647;
			files = (
				CD7298E12744345B0079A34D /* DogsUITests.swift in Sources */,
				CD7298E32744345B0079A34D /* DogsUITestsLaunchTests.swift in Sources */,
			);
			runOnlyForDeploymentPostprocessing = 0;
		};
/* End PBXSourcesBuildPhase section */

/* Begin PBXTargetDependency section */
		CD7298D42744345B0079A34D /* PBXTargetDependency */ = {
			isa = PBXTargetDependency;
			target = CD7298BB274434590079A34D /* Dogs */;
			targetProxy = CD7298D32744345B0079A34D /* PBXContainerItemProxy */;
		};
		CD7298DE2744345B0079A34D /* PBXTargetDependency */ = {
			isa = PBXTargetDependency;
			target = CD7298BB274434590079A34D /* Dogs */;
			targetProxy = CD7298DD2744345B0079A34D /* PBXContainerItemProxy */;
		};
/* End PBXTargetDependency section */

/* Begin PBXVariantGroup section */
		CD7298C5274434590079A34D /* Main.storyboard */ = {
			isa = PBXVariantGroup;
			children = (
				CD7298C6274434590079A34D /* Base */,
			);
			name = Main.storyboard;
			sourceTree = "<group>";
		};
		CD7298CA2744345B0079A34D /* LaunchScreen.storyboard */ = {
			isa = PBXVariantGroup;
			children = (
				CD7298CB2744345B0079A34D /* Base */,
			);
			name = LaunchScreen.storyboard;
			sourceTree = "<group>";
		};
/* End PBXVariantGroup section */

/* Begin XCBuildConfiguration section */
		CD7298E42744345B0079A34D /* Debug */ = {
			isa = XCBuildConfiguration;
			buildSettings = {
				ALWAYS_SEARCH_USER_PATHS = NO;
				CLANG_ANALYZER_NONNULL = YES;
				CLANG_ANALYZER_NUMBER_OBJECT_CONVERSION = YES_AGGRESSIVE;
				CLANG_CXX_LANGUAGE_STANDARD = "gnu++17";
				CLANG_CXX_LIBRARY = "libc++";
				CLANG_ENABLE_MODULES = YES;
				CLANG_ENABLE_OBJC_ARC = YES;
				CLANG_ENABLE_OBJC_WEAK = YES;
				CLANG_WARN_BLOCK_CAPTURE_AUTORELEASING = YES;
				CLANG_WARN_BOOL_CONVERSION = YES;
				CLANG_WARN_COMMA = YES;
				CLANG_WARN_CONSTANT_CONVERSION = YES;
				CLANG_WARN_DEPRECATED_OBJC_IMPLEMENTATIONS = YES;
				CLANG_WARN_DIRECT_OBJC_ISA_USAGE = YES_ERROR;
				CLANG_WARN_DOCUMENTATION_COMMENTS = YES;
				CLANG_WARN_EMPTY_BODY = YES;
				CLANG_WARN_ENUM_CONVERSION = YES;
				CLANG_WARN_INFINITE_RECURSION = YES;
				CLANG_WARN_INT_CONVERSION = YES;
				CLANG_WARN_NON_LITERAL_NULL_CONVERSION = YES;
				CLANG_WARN_OBJC_IMPLICIT_RETAIN_SELF = YES;
				CLANG_WARN_OBJC_LITERAL_CONVERSION = YES;
				CLANG_WARN_OBJC_ROOT_CLASS = YES_ERROR;
				CLANG_WARN_QUOTED_INCLUDE_IN_FRAMEWORK_HEADER = YES;
				CLANG_WARN_RANGE_LOOP_ANALYSIS = YES;
				CLANG_WARN_STRICT_PROTOTYPES = YES;
				CLANG_WARN_SUSPICIOUS_MOVE = YES;
				CLANG_WARN_UNGUARDED_AVAILABILITY = YES_AGGRESSIVE;
				CLANG_WARN_UNREACHABLE_CODE = YES;
				CLANG_WARN__DUPLICATE_METHOD_MATCH = YES;
				COPY_PHASE_STRIP = NO;
				DEBUG_INFORMATION_FORMAT = dwarf;
				ENABLE_STRICT_OBJC_MSGSEND = YES;
				ENABLE_TESTABILITY = YES;
				GCC_C_LANGUAGE_STANDARD = gnu11;
				GCC_DYNAMIC_NO_PIC = NO;
				GCC_NO_COMMON_BLOCKS = YES;
				GCC_OPTIMIZATION_LEVEL = 0;
				GCC_PREPROCESSOR_DEFINITIONS = (
					"DEBUG=1",
					"$(inherited)",
				);
				GCC_WARN_64_TO_32_BIT_CONVERSION = YES;
				GCC_WARN_ABOUT_RETURN_TYPE = YES_ERROR;
				GCC_WARN_UNDECLARED_SELECTOR = YES;
				GCC_WARN_UNINITIALIZED_AUTOS = YES_AGGRESSIVE;
				GCC_WARN_UNUSED_FUNCTION = YES;
				GCC_WARN_UNUSED_VARIABLE = YES;
				IPHONEOS_DEPLOYMENT_TARGET = 15.0;
				MTL_ENABLE_DEBUG_INFO = INCLUDE_SOURCE;
				MTL_FAST_MATH = YES;
				ONLY_ACTIVE_ARCH = YES;
				SDKROOT = iphoneos;
				SWIFT_ACTIVE_COMPILATION_CONDITIONS = DEBUG;
				SWIFT_OPTIMIZATION_LEVEL = "-Onone";
			};
			name = Debug;
		};
		CD7298E52744345B0079A34D /* Release */ = {
			isa = XCBuildConfiguration;
			buildSettings = {
				ALWAYS_SEARCH_USER_PATHS = NO;
				CLANG_ANALYZER_NONNULL = YES;
				CLANG_ANALYZER_NUMBER_OBJECT_CONVERSION = YES_AGGRESSIVE;
				CLANG_CXX_LANGUAGE_STANDARD = "gnu++17";
				CLANG_CXX_LIBRARY = "libc++";
				CLANG_ENABLE_MODULES = YES;
				CLANG_ENABLE_OBJC_ARC = YES;
				CLANG_ENABLE_OBJC_WEAK = YES;
				CLANG_WARN_BLOCK_CAPTURE_AUTORELEASING = YES;
				CLANG_WARN_BOOL_CONVERSION = YES;
				CLANG_WARN_COMMA = YES;
				CLANG_WARN_CONSTANT_CONVERSION = YES;
				CLANG_WARN_DEPRECATED_OBJC_IMPLEMENTATIONS = YES;
				CLANG_WARN_DIRECT_OBJC_ISA_USAGE = YES_ERROR;
				CLANG_WARN_DOCUMENTATION_COMMENTS = YES;
				CLANG_WARN_EMPTY_BODY = YES;
				CLANG_WARN_ENUM_CONVERSION = YES;
				CLANG_WARN_INFINITE_RECURSION = YES;
				CLANG_WARN_INT_CONVERSION = YES;
				CLANG_WARN_NON_LITERAL_NULL_CONVERSION = YES;
				CLANG_WARN_OBJC_IMPLICIT_RETAIN_SELF = YES;
				CLANG_WARN_OBJC_LITERAL_CONVERSION = YES;
				CLANG_WARN_OBJC_ROOT_CLASS = YES_ERROR;
				CLANG_WARN_QUOTED_INCLUDE_IN_FRAMEWORK_HEADER = YES;
				CLANG_WARN_RANGE_LOOP_ANALYSIS = YES;
				CLANG_WARN_STRICT_PROTOTYPES = YES;
				CLANG_WARN_SUSPICIOUS_MOVE = YES;
				CLANG_WARN_UNGUARDED_AVAILABILITY = YES_AGGRESSIVE;
				CLANG_WARN_UNREACHABLE_CODE = YES;
				CLANG_WARN__DUPLICATE_METHOD_MATCH = YES;
				COPY_PHASE_STRIP = NO;
				DEBUG_INFORMATION_FORMAT = "dwarf-with-dsym";
				ENABLE_NS_ASSERTIONS = NO;
				ENABLE_STRICT_OBJC_MSGSEND = YES;
				GCC_C_LANGUAGE_STANDARD = gnu11;
				GCC_NO_COMMON_BLOCKS = YES;
				GCC_WARN_64_TO_32_BIT_CONVERSION = YES;
				GCC_WARN_ABOUT_RETURN_TYPE = YES_ERROR;
				GCC_WARN_UNDECLARED_SELECTOR = YES;
				GCC_WARN_UNINITIALIZED_AUTOS = YES_AGGRESSIVE;
				GCC_WARN_UNUSED_FUNCTION = YES;
				GCC_WARN_UNUSED_VARIABLE = YES;
				IPHONEOS_DEPLOYMENT_TARGET = 15.0;
				MTL_ENABLE_DEBUG_INFO = NO;
				MTL_FAST_MATH = YES;
				SDKROOT = iphoneos;
				SWIFT_COMPILATION_MODE = wholemodule;
				SWIFT_OPTIMIZATION_LEVEL = "-O";
				VALIDATE_PRODUCT = YES;
			};
			name = Release;
		};
		CD7298E72744345B0079A34D /* Debug */ = {
			isa = XCBuildConfiguration;
			buildSettings = {
				ASSETCATALOG_COMPILER_APPICON_NAME = AppIcon;
				ASSETCATALOG_COMPILER_GLOBAL_ACCENT_COLOR_NAME = AccentColor;
				CODE_SIGN_STYLE = Automatic;
				CURRENT_PROJECT_VERSION = 1;
				GENERATE_INFOPLIST_FILE = YES;
				INFOPLIST_FILE = Dogs/Info.plist;
				INFOPLIST_KEY_UIApplicationSupportsIndirectInputEvents = YES;
				INFOPLIST_KEY_UILaunchStoryboardName = LaunchScreen;
				INFOPLIST_KEY_UIMainStoryboardFile = Main;
				INFOPLIST_KEY_UISupportedInterfaceOrientations_iPad = "UIInterfaceOrientationPortrait UIInterfaceOrientationPortraitUpsideDown UIInterfaceOrientationLandscapeLeft UIInterfaceOrientationLandscapeRight";
				INFOPLIST_KEY_UISupportedInterfaceOrientations_iPhone = "UIInterfaceOrientationPortrait UIInterfaceOrientationLandscapeLeft UIInterfaceOrientationLandscapeRight";
				LD_RUNPATH_SEARCH_PATHS = (
					"$(inherited)",
					"@executable_path/Frameworks",
				);
				MARKETING_VERSION = 1.0;
				PRODUCT_BUNDLE_IDENTIFIER = com.drsoft.test.Dogs;
				PRODUCT_NAME = "$(TARGET_NAME)";
				SWIFT_EMIT_LOC_STRINGS = YES;
				SWIFT_VERSION = 5.0;
				TARGETED_DEVICE_FAMILY = "1,2";
			};
			name = Debug;
		};
		CD7298E82744345B0079A34D /* Release */ = {
			isa = XCBuildConfiguration;
			buildSettings = {
				ASSETCATALOG_COMPILER_APPICON_NAME = AppIcon;
				ASSETCATALOG_COMPILER_GLOBAL_ACCENT_COLOR_NAME = AccentColor;
				CODE_SIGN_STYLE = Automatic;
				CURRENT_PROJECT_VERSION = 1;
				GENERATE_INFOPLIST_FILE = YES;
				INFOPLIST_FILE = Dogs/Info.plist;
				INFOPLIST_KEY_UIApplicationSupportsIndirectInputEvents = YES;
				INFOPLIST_KEY_UILaunchStoryboardName = LaunchScreen;
				INFOPLIST_KEY_UIMainStoryboardFile = Main;
				INFOPLIST_KEY_UISupportedInterfaceOrientations_iPad = "UIInterfaceOrientationPortrait UIInterfaceOrientationPortraitUpsideDown UIInterfaceOrientationLandscapeLeft UIInterfaceOrientationLandscapeRight";
				INFOPLIST_KEY_UISupportedInterfaceOrientations_iPhone = "UIInterfaceOrientationPortrait UIInterfaceOrientationLandscapeLeft UIInterfaceOrientationLandscapeRight";
				LD_RUNPATH_SEARCH_PATHS = (
					"$(inherited)",
					"@executable_path/Frameworks",
				);
				MARKETING_VERSION = 1.0;
				PRODUCT_BUNDLE_IDENTIFIER = com.drsoft.test.Dogs;
				PRODUCT_NAME = "$(TARGET_NAME)";
				SWIFT_EMIT_LOC_STRINGS = YES;
				SWIFT_VERSION = 5.0;
				TARGETED_DEVICE_FAMILY = "1,2";
			};
			name = Release;
		};
		CD7298EA2744345B0079A34D /* Debug */ = {
			isa = XCBuildConfiguration;
			buildSettings = {
				ALWAYS_EMBED_SWIFT_STANDARD_LIBRARIES = YES;
				BUNDLE_LOADER = "$(TEST_HOST)";
				CODE_SIGN_STYLE = Automatic;
				CURRENT_PROJECT_VERSION = 1;
				GENERATE_INFOPLIST_FILE = YES;
				IPHONEOS_DEPLOYMENT_TARGET = 15.0;
				LD_RUNPATH_SEARCH_PATHS = (
					"$(inherited)",
					"@executable_path/Frameworks",
					"@loader_path/Frameworks",
				);
				MARKETING_VERSION = 1.0;
				PRODUCT_BUNDLE_IDENTIFIER = com.drsoft.test.DogsTests;
				PRODUCT_NAME = "$(TARGET_NAME)";
				SWIFT_EMIT_LOC_STRINGS = NO;
				SWIFT_VERSION = 5.0;
				TARGETED_DEVICE_FAMILY = "1,2";
				TEST_HOST = "$(BUILT_PRODUCTS_DIR)/Dogs.app/Dogs";
			};
			name = Debug;
		};
		CD7298EB2744345B0079A34D /* Release */ = {
			isa = XCBuildConfiguration;
			buildSettings = {
				ALWAYS_EMBED_SWIFT_STANDARD_LIBRARIES = YES;
				BUNDLE_LOADER = "$(TEST_HOST)";
				CODE_SIGN_STYLE = Automatic;
				CURRENT_PROJECT_VERSION = 1;
				GENERATE_INFOPLIST_FILE = YES;
				IPHONEOS_DEPLOYMENT_TARGET = 15.0;
				LD_RUNPATH_SEARCH_PATHS = (
					"$(inherited)",
					"@executable_path/Frameworks",
					"@loader_path/Frameworks",
				);
				MARKETING_VERSION = 1.0;
				PRODUCT_BUNDLE_IDENTIFIER = com.drsoft.test.DogsTests;
				PRODUCT_NAME = "$(TARGET_NAME)";
				SWIFT_EMIT_LOC_STRINGS = NO;
				SWIFT_VERSION = 5.0;
				TARGETED_DEVICE_FAMILY = "1,2";
				TEST_HOST = "$(BUILT_PRODUCTS_DIR)/Dogs.app/Dogs";
			};
			name = Release;
		};
		CD7298ED2744345B0079A34D /* Debug */ = {
			isa = XCBuildConfiguration;
			buildSettings = {
				ALWAYS_EMBED_SWIFT_STANDARD_LIBRARIES = YES;
				CODE_SIGN_STYLE = Automatic;
				CURRENT_PROJECT_VERSION = 1;
				GENERATE_INFOPLIST_FILE = YES;
				LD_RUNPATH_SEARCH_PATHS = (
					"$(inherited)",
					"@executable_path/Frameworks",
					"@loader_path/Frameworks",
				);
				MARKETING_VERSION = 1.0;
				PRODUCT_BUNDLE_IDENTIFIER = com.drsoft.test.DogsUITests;
				PRODUCT_NAME = "$(TARGET_NAME)";
				SWIFT_EMIT_LOC_STRINGS = NO;
				SWIFT_VERSION = 5.0;
				TARGETED_DEVICE_FAMILY = "1,2";
				TEST_TARGET_NAME = Dogs;
			};
			name = Debug;
		};
		CD7298EE2744345B0079A34D /* Release */ = {
			isa = XCBuildConfiguration;
			buildSettings = {
				ALWAYS_EMBED_SWIFT_STANDARD_LIBRARIES = YES;
				CODE_SIGN_STYLE = Automatic;
				CURRENT_PROJECT_VERSION = 1;
				GENERATE_INFOPLIST_FILE = YES;
				LD_RUNPATH_SEARCH_PATHS = (
					"$(inherited)",
					"@executable_path/Frameworks",
					"@loader_path/Frameworks",
				);
				MARKETING_VERSION = 1.0;
				PRODUCT_BUNDLE_IDENTIFIER = com.drsoft.test.DogsUITests;
				PRODUCT_NAME = "$(TARGET_NAME)";
				SWIFT_EMIT_LOC_STRINGS = NO;
				SWIFT_VERSION = 5.0;
				TARGETED_DEVICE_FAMILY = "1,2";
				TEST_TARGET_NAME = Dogs;
			};
			name = Release;
		};
/* End XCBuildConfiguration section */

/* Begin XCConfigurationList section */
		CD7298B7274434590079A34D /* Build configuration list for PBXProject "Dogs" */ = {
			isa = XCConfigurationList;
			buildConfigurations = (
				CD7298E42744345B0079A34D /* Debug */,
				CD7298E52744345B0079A34D /* Release */,
			);
			defaultConfigurationIsVisible = 0;
			defaultConfigurationName = Release;
		};
		CD7298E62744345B0079A34D /* Build configuration list for PBXNativeTarget "Dogs" */ = {
			isa = XCConfigurationList;
			buildConfigurations = (
				CD7298E72744345B0079A34D /* Debug */,
				CD7298E82744345B0079A34D /* Release */,
			);
			defaultConfigurationIsVisible = 0;
			defaultConfigurationName = Release;
		};
		CD7298E92744345B0079A34D /* Build configuration list for PBXNativeTarget "DogsTests" */ = {
			isa = XCConfigurationList;
			buildConfigurations = (
				CD7298EA2744345B0079A34D /* Debug */,
				CD7298EB2744345B0079A34D /* Release */,
			);
			defaultConfigurationIsVisible = 0;
			defaultConfigurationName = Release;
		};
		CD7298EC2744345B0079A34D /* Build configuration list for PBXNativeTarget "DogsUITests" */ = {
			isa = XCConfigurationList;
			buildConfigurations = (
				CD7298ED2744345B0079A34D /* Debug */,
				CD7298EE2744345B0079A34D /* Release */,
			);
			defaultConfigurationIsVisible = 0;
			defaultConfigurationName = Release;
		};
/* End XCConfigurationList section */

/* Begin XCRemoteSwiftPackageReference section */
		CD72990C2744462D0079A34D /* XCRemoteSwiftPackageReference "Alamofire" */ = {
			isa = XCRemoteSwiftPackageReference;
			repositoryURL = "https://github.com/Alamofire/Alamofire.git";
			requirement = {
				branch = master;
				kind = branch;
			};
		};
		CD72993127444C4A0079A34D /* XCRemoteSwiftPackageReference "realm-cocoa" */ = {
			isa = XCRemoteSwiftPackageReference;
			repositoryURL = "https://github.com/realm/realm-cocoa.git";
			requirement = {
				branch = master;
				kind = branch;
			};
		};
/* End XCRemoteSwiftPackageReference section */

/* Begin XCSwiftPackageProductDependency section */
		CD72990D2744462D0079A34D /* Alamofire */ = {
			isa = XCSwiftPackageProductDependency;
			package = CD72990C2744462D0079A34D /* XCRemoteSwiftPackageReference "Alamofire" */;
			productName = Alamofire;
		};
		CD72993227444C4A0079A34D /* RealmSwift */ = {
			isa = XCSwiftPackageProductDependency;
			package = CD72993127444C4A0079A34D /* XCRemoteSwiftPackageReference "realm-cocoa" */;
			productName = RealmSwift;
		};
/* End XCSwiftPackageProductDependency section */
	};
	rootObject = CD7298B4274434590079A34D /* Project object */;
}
